
Microsoft Visual Studio Solution File, Format Version 12.00
# Visual Studio Version 16
VisualStudioVersion = 16.0.30320.27
MinimumVisualStudioVersion = 10.0.40219.1
Project("{FAE04EC0-301F-11D3-BF4B-00C04F79EFBC}") = "Sympli", "Sympli\Sympli.csproj", "{E8E14062-0922-417A-A86B-4F4049CDADC3}"
EndProject
Project("{FAE04EC0-301F-11D3-BF4B-00C04F79EFBC}") = "SympliUnitTest", "SympliUnitTest\SympliUnitTest.csproj", "{C35B9033-0ED3-4D97-A37A-1F4E40885CF7}"
EndProject
Global
	GlobalSection(SolutionConfigurationPlatforms) = preSolution
		Debug|Any CPU = Debug|Any CPU
		Release|Any CPU = Release|Any CPU
	EndGlobalSection
	GlobalSection(ProjectConfigurationPlatforms) = postSolution
		{E8E14062-0922-417A-A86B-4F4049CDADC3}.Debug|Any CPU.ActiveCfg = Debug|Any CPU
		{E8E14062-0922-417A-A86B-4F4049CDADC3}.Debug|Any CPU.Build.0 = Debug|Any CPU
		{E8E14062-0922-417A-A86B-4F4049CDADC3}.Release|Any CPU.ActiveCfg = Release|Any CPU
		{E8E14062-0922-417A-A86B-4F4049CDADC3}.Release|Any CPU.Build.0 = Release|Any CPU
		{C35B9033-0ED3-4D97-A37A-1F4E40885CF7}.Debug|Any CPU.ActiveCfg = Debug|Any CPU
		{C35B9033-0ED3-4D97-A37A-1F4E40885CF7}.Debug|Any CPU.Build.0 = Debug|Any CPU
		{C35B9033-0ED3-4D97-A37A-1F4E40885CF7}.Release|Any CPU.ActiveCfg = Release|Any CPU
		{C35B9033-0ED3-4D97-A37A-1F4E40885CF7}.Release|Any CPU.Build.0 = Release|Any CPU
	EndGlobalSection
	GlobalSection(SolutionProperties) = preSolution
		HideSolutionNode = FALSE
	EndGlobalSection
	GlobalSection(ExtensibilityGlobals) = postSolution
		SolutionGuid = {92073EF2-C4CB-4E2A-B665-4171801285D3}
	EndGlobalSection
EndGlobal
